
Microsoft Visual Studio Solution File, Format Version 12.00
# Visual Studio Version 17
VisualStudioVersion = 17.6.33723.286
MinimumVisualStudioVersion = 10.0.40219.1
Project("{FAE04EC0-301F-11D3-BF4B-00C04F79EFBC}") = "Practice-1", "Practice-1\Practice-1.csproj", "{D1308D46-703B-48DE-A3DA-A8F055091667}"
EndProject
Global
	GlobalSection(SolutionConfigurationPlatforms) = preSolution
		Debug|Any CPU = Debug|Any CPU
		Release|Any CPU = Release|Any CPU
	EndGlobalSection
	GlobalSection(ProjectConfigurationPlatforms) = postSolution
		{D1308D46-703B-48DE-A3DA-A8F055091667}.Debug|Any CPU.ActiveCfg = Debug|Any CPU
		{D1308D46-703B-48DE-A3DA-A8F055091667}.Debug|Any CPU.Build.0 = Debug|Any CPU
		{D1308D46-703B-48DE-A3DA-A8F055091667}.Release|Any CPU.ActiveCfg = Release|Any CPU
		{D1308D46-703B-48DE-A3DA-A8F055091667}.Release|Any CPU.Build.0 = Release|Any CPU
	EndGlobalSection
	GlobalSection(SolutionProperties) = preSolution
		HideSolutionNode = FALSE
	EndGlobalSection
	GlobalSection(ExtensibilityGlobals) = postSolution
		SolutionGuid = {0E8675D9-05AD-4EBA-8404-04206E4AFDC8}
	EndGlobalSection
EndGlobal
